
Microsoft Visual Studio Solution File, Format Version 12.00
# Visual Studio Version 17
VisualStudioVersion = 17.5.33502.453
MinimumVisualStudioVersion = 10.0.40219.1
Project("{FAE04EC0-301F-11D3-BF4B-00C04F79EFBC}") = "ForeignExchangeConverter", "ForeignExchangeConverter.csproj", "{F8A32E9D-F794-49AE-B0B2-A5DB520C8D67}"
EndProject
Global
	GlobalSection(SolutionConfigurationPlatforms) = preSolution
		Debug|Any CPU = Debug|Any CPU
		Release|Any CPU = Release|Any CPU
	EndGlobalSection
	GlobalSection(ProjectConfigurationPlatforms) = postSolution
		{F8A32E9D-F794-49AE-B0B2-A5DB520C8D67}.Debug|Any CPU.ActiveCfg = Debug|Any CPU
		{F8A32E9D-F794-49AE-B0B2-A5DB520C8D67}.Debug|Any CPU.Build.0 = Debug|Any CPU
		{F8A32E9D-F794-49AE-B0B2-A5DB520C8D67}.Release|Any CPU.ActiveCfg = Release|Any CPU
		{F8A32E9D-F794-49AE-B0B2-A5DB520C8D67}.Release|Any CPU.Build.0 = Release|Any CPU
	EndGlobalSection
	GlobalSection(SolutionProperties) = preSolution
		HideSolutionNode = FALSE
	EndGlobalSection
	GlobalSection(ExtensibilityGlobals) = postSolution
		SolutionGuid = {FC84529D-26FB-425F-AE15-904CA88C6BA2}
	EndGlobalSection
EndGlobal
